
Microsoft Visual Studio Solution File, Format Version 12.00
# Visual Studio 15
VisualStudioVersion = 15.0.28307.421
MinimumVisualStudioVersion = 10.0.40219.1
Project("{2150E333-8FDC-42A3-9474-1A3956D46DE8}") = "CS", "CS", "{C24C21A3-A657-4B52-947B-63A3BCC6B023}"
EndProject
Project("{FAE04EC0-301F-11D3-BF4B-00C04F79EFBC}") = "ChatServerCS", "ChatServerCS\ChatServerCS.csproj", "{8F197D7D-5CC4-41C3-A802-13C62D56E778}"
EndProject
Project("{FAE04EC0-301F-11D3-BF4B-00C04F79EFBC}") = "ChatClientCS", "ChatClientCS\ChatClientCS.csproj", "{16E32C6D-3B1E-48AD-BE7C-571413043AF4}"
EndProject
Project("{FAE04EC0-301F-11D3-BF4B-00C04F79EFBC}") = "Symmetric", "Symmetric\Symmetric.csproj", "{803A399B-DF85-457A-A37B-4D740497AC9C}"
EndProject
Project("{FAE04EC0-301F-11D3-BF4B-00C04F79EFBC}") = "Asymmetric", "Asymmetric\Asymmetric.csproj", "{AE094929-803A-4F5E-A6B7-4132A847E848}"
EndProject
Project("{FAE04EC0-301F-11D3-BF4B-00C04F79EFBC}") = "Hashing", "Hashing\Hashing.csproj", "{1330101B-D4B8-4086-88F4-F9A95140A3BB}"
EndProject
Project("{FAE04EC0-301F-11D3-BF4B-00C04F79EFBC}") = "Hybrid", "Hybrid\Hybrid.csproj", "{64182D78-6E75-4164-8BEC-12003662A361}"
EndProject
Global
	GlobalSection(SolutionConfigurationPlatforms) = preSolution
		Debug|Any CPU = Debug|Any CPU
		Release|Any CPU = Release|Any CPU
	EndGlobalSection
	GlobalSection(ProjectConfigurationPlatforms) = postSolution
		{8F197D7D-5CC4-41C3-A802-13C62D56E778}.Debug|Any CPU.ActiveCfg = Debug|Any CPU
		{8F197D7D-5CC4-41C3-A802-13C62D56E778}.Debug|Any CPU.Build.0 = Debug|Any CPU
		{8F197D7D-5CC4-41C3-A802-13C62D56E778}.Release|Any CPU.ActiveCfg = Release|Any CPU
		{8F197D7D-5CC4-41C3-A802-13C62D56E778}.Release|Any CPU.Build.0 = Release|Any CPU
		{16E32C6D-3B1E-48AD-BE7C-571413043AF4}.Debug|Any CPU.ActiveCfg = Debug|Any CPU
		{16E32C6D-3B1E-48AD-BE7C-571413043AF4}.Debug|Any CPU.Build.0 = Debug|Any CPU
		{16E32C6D-3B1E-48AD-BE7C-571413043AF4}.Release|Any CPU.ActiveCfg = Release|Any CPU
		{16E32C6D-3B1E-48AD-BE7C-571413043AF4}.Release|Any CPU.Build.0 = Release|Any CPU
		{803A399B-DF85-457A-A37B-4D740497AC9C}.Debug|Any CPU.ActiveCfg = Debug|Any CPU
		{803A399B-DF85-457A-A37B-4D740497AC9C}.Debug|Any CPU.Build.0 = Debug|Any CPU
		{803A399B-DF85-457A-A37B-4D740497AC9C}.Release|Any CPU.ActiveCfg = Release|Any CPU
		{803A399B-DF85-457A-A37B-4D740497AC9C}.Release|Any CPU.Build.0 = Release|Any CPU
		{AE094929-803A-4F5E-A6B7-4132A847E848}.Debug|Any CPU.ActiveCfg = Debug|Any CPU
		{AE094929-803A-4F5E-A6B7-4132A847E848}.Debug|Any CPU.Build.0 = Debug|Any CPU
		{AE094929-803A-4F5E-A6B7-4132A847E848}.Release|Any CPU.ActiveCfg = Release|Any CPU
		{AE094929-803A-4F5E-A6B7-4132A847E848}.Release|Any CPU.Build.0 = Release|Any CPU
		{1330101B-D4B8-4086-88F4-F9A95140A3BB}.Debug|Any CPU.ActiveCfg = Debug|Any CPU
		{1330101B-D4B8-4086-88F4-F9A95140A3BB}.Debug|Any CPU.Build.0 = Debug|Any CPU
		{1330101B-D4B8-4086-88F4-F9A95140A3BB}.Release|Any CPU.ActiveCfg = Release|Any CPU
		{1330101B-D4B8-4086-88F4-F9A95140A3BB}.Release|Any CPU.Build.0 = Release|Any CPU
		{64182D78-6E75-4164-8BEC-12003662A361}.Debug|Any CPU.ActiveCfg = Debug|Any CPU
		{64182D78-6E75-4164-8BEC-12003662A361}.Debug|Any CPU.Build.0 = Debug|Any CPU
		{64182D78-6E75-4164-8BEC-12003662A361}.Release|Any CPU.ActiveCfg = Release|Any CPU
		{64182D78-6E75-4164-8BEC-12003662A361}.Release|Any CPU.Build.0 = Release|Any CPU
	EndGlobalSection
	GlobalSection(SolutionProperties) = preSolution
		HideSolutionNode = FALSE
	EndGlobalSection
	GlobalSection(NestedProjects) = preSolution
		{8F197D7D-5CC4-41C3-A802-13C62D56E778} = {C24C21A3-A657-4B52-947B-63A3BCC6B023}
		{16E32C6D-3B1E-48AD-BE7C-571413043AF4} = {C24C21A3-A657-4B52-947B-63A3BCC6B023}
		{803A399B-DF85-457A-A37B-4D740497AC9C} = {C24C21A3-A657-4B52-947B-63A3BCC6B023}
		{AE094929-803A-4F5E-A6B7-4132A847E848} = {C24C21A3-A657-4B52-947B-63A3BCC6B023}
		{1330101B-D4B8-4086-88F4-F9A95140A3BB} = {C24C21A3-A657-4B52-947B-63A3BCC6B023}
		{64182D78-6E75-4164-8BEC-12003662A361} = {C24C21A3-A657-4B52-947B-63A3BCC6B023}
	EndGlobalSection
	GlobalSection(ExtensibilityGlobals) = postSolution
		SolutionGuid = {C241A5AD-8C88-4D4D-9672-4200D0A08E9C}
	EndGlobalSection
EndGlobal
